// !$*UTF8*$!
{
	archiveVersion = 1;
	classes = {
	};
	objectVersion = 56;
	objects = {

/* Begin PBXBuildFile section */
		C32951B72B87C1B100543B3B /* Manager+Regions.swift in Sources */ = {isa = PBXBuildFile; fileRef = C32951B62B87C1B100543B3B /* Manager+Regions.swift */; };
		C33315062B7E3B1D00516138 /* MapTopControls.swift in Sources */ = {isa = PBXBuildFile; fileRef = C33315052B7E3B1D00516138 /* MapTopControls.swift */; };
		C33315082B7E3B6200516138 /* SearchButton.swift in Sources */ = {isa = PBXBuildFile; fileRef = C33315072B7E3B6200516138 /* SearchButton.swift */; };
		C333150A2B7E3B7300516138 /* Place.swift in Sources */ = {isa = PBXBuildFile; fileRef = C33315092B7E3B7300516138 /* Place.swift */; };
		C38C99B22B8519DA001505DD /* Restaurants.json in Resources */ = {isa = PBXBuildFile; fileRef = C38E88722B83BB120092B9FA /* Restaurants.json */; };
		C38C99B42B865695001505DD /* CircleRegion.swift in Sources */ = {isa = PBXBuildFile; fileRef = C38C99B32B865695001505DD /* CircleRegion.swift */; };
		C38E88672B83B9DD0092B9FA /* Manager+Search.swift in Sources */ = {isa = PBXBuildFile; fileRef = C38E88662B83B9DD0092B9FA /* Manager+Search.swift */; };
		C38E88692B83BA2C0092B9FA /* Manager+Location.swift in Sources */ = {isa = PBXBuildFile; fileRef = C38E88682B83BA2C0092B9FA /* Manager+Location.swift */; };
		C38E886B2B83BA5B0092B9FA /* Manager+Geocoding.swift in Sources */ = {isa = PBXBuildFile; fileRef = C38E886A2B83BA5B0092B9FA /* Manager+Geocoding.swift */; };
		C38E886F2B83BAAC0092B9FA /* Manager+Directions.swift in Sources */ = {isa = PBXBuildFile; fileRef = C38E886E2B83BAAC0092B9FA /* Manager+Directions.swift */; };
		C38E88712B83BAED0092B9FA /* Restaurant.swift in Sources */ = {isa = PBXBuildFile; fileRef = C38E88702B83BAED0092B9FA /* Restaurant.swift */; };
		C38E88782B83FFA60092B9FA /* ClearButton.swift in Sources */ = {isa = PBXBuildFile; fileRef = C38E88772B83FFA60092B9FA /* ClearButton.swift */; };
		C38E887A2B83FFB70092B9FA /* MapInteractionButton.swift in Sources */ = {isa = PBXBuildFile; fileRef = C38E88792B83FFB70092B9FA /* MapInteractionButton.swift */; };
		C38E887C2B83FFCC0092B9FA /* GeocodeButton.swift in Sources */ = {isa = PBXBuildFile; fileRef = C38E887B2B83FFCC0092B9FA /* GeocodeButton.swift */; };
		C38E887E2B83FFDF0092B9FA /* DiningButton.swift in Sources */ = {isa = PBXBuildFile; fileRef = C38E887D2B83FFDF0092B9FA /* DiningButton.swift */; };
		C38E88802B83FFEE0092B9FA /* ZoomPlaceButton.swift in Sources */ = {isa = PBXBuildFile; fileRef = C38E887F2B83FFEE0092B9FA /* ZoomPlaceButton.swift */; };
		C38E88852B84F9420092B9FA /* CLLocationsCoorsdinate2D+utils.swift in Sources */ = {isa = PBXBuildFile; fileRef = C38E88842B84F9420092B9FA /* CLLocationsCoorsdinate2D+utils.swift */; };
		C38E88872B84F96B0092B9FA /* DowntownMap.swift in Sources */ = {isa = PBXBuildFile; fileRef = C38E88862B84F96B0092B9FA /* DowntownMap.swift */; };
		C38E88892B84FF1B0092B9FA /* Manager+Details.swift in Sources */ = {isa = PBXBuildFile; fileRef = C38E88882B84FF1B0092B9FA /* Manager+Details.swift */; };
		C3A5EB2B2B7A716300C7E7E2 /* Map_ExplorerApp.swift in Sources */ = {isa = PBXBuildFile; fileRef = C3A5EB2A2B7A716300C7E7E2 /* Map_ExplorerApp.swift */; };
		C3A5EB2D2B7A716300C7E7E2 /* MainView.swift in Sources */ = {isa = PBXBuildFile; fileRef = C3A5EB2C2B7A716300C7E7E2 /* MainView.swift */; };
		C3A5EB2F2B7A716500C7E7E2 /* Assets.xcassets in Resources */ = {isa = PBXBuildFile; fileRef = C3A5EB2E2B7A716500C7E7E2 /* Assets.xcassets */; };
		C3A5EB322B7A716500C7E7E2 /* Preview Assets.xcassets in Resources */ = {isa = PBXBuildFile; fileRef = C3A5EB312B7A716500C7E7E2 /* Preview Assets.xcassets */; };
		C3A5EB3C2B7A71E200C7E7E2 /* Manager.swift in Sources */ = {isa = PBXBuildFile; fileRef = C3A5EB3B2B7A71E200C7E7E2 /* Manager.swift */; };
		C3A5EB3E2B7A727000C7E7E2 /* Category.swift in Sources */ = {isa = PBXBuildFile; fileRef = C3A5EB3D2B7A727000C7E7E2 /* Category.swift */; };
		C3A5EB402B7A728400C7E7E2 /* Favorite.swift in Sources */ = {isa = PBXBuildFile; fileRef = C3A5EB3F2B7A728400C7E7E2 /* Favorite.swift */; };
		C3A5EB422B7A72A300C7E7E2 /* PlaceDetailView.swift in Sources */ = {isa = PBXBuildFile; fileRef = C3A5EB412B7A72A300C7E7E2 /* PlaceDetailView.swift */; };
		C3A5EB442B7A72BD00C7E7E2 /* ButtonRowView.swift in Sources */ = {isa = PBXBuildFile; fileRef = C3A5EB432B7A72BD00C7E7E2 /* ButtonRowView.swift */; };
		C3A5EB462B7A72DF00C7E7E2 /* ActionButton.swift in Sources */ = {isa = PBXBuildFile; fileRef = C3A5EB452B7A72DF00C7E7E2 /* ActionButton.swift */; };
		C3A5EB482B7A730500C7E7E2 /* ControlButtons.swift in Sources */ = {isa = PBXBuildFile; fileRef = C3A5EB472B7A730500C7E7E2 /* ControlButtons.swift */; };
/* End PBXBuildFile section */

/* Begin PBXFileReference section */
		C32951B62B87C1B100543B3B /* Manager+Regions.swift */ = {isa = PBXFileReference; lastKnownFileType = sourcecode.swift; path = "Manager+Regions.swift"; sourceTree = "<group>"; };
		C33315052B7E3B1D00516138 /* MapTopControls.swift */ = {isa = PBXFileReference; lastKnownFileType = sourcecode.swift; path = MapTopControls.swift; sourceTree = "<group>"; };
		C33315072B7E3B6200516138 /* SearchButton.swift */ = {isa = PBXFileReference; lastKnownFileType = sourcecode.swift; path = SearchButton.swift; sourceTree = "<group>"; };
		C33315092B7E3B7300516138 /* Place.swift */ = {isa = PBXFileReference; lastKnownFileType = sourcecode.swift; path = Place.swift; sourceTree = "<group>"; };
		C38C99B32B865695001505DD /* CircleRegion.swift */ = {isa = PBXFileReference; lastKnownFileType = sourcecode.swift; path = CircleRegion.swift; sourceTree = "<group>"; };
		C38E88662B83B9DD0092B9FA /* Manager+Search.swift */ = {isa = PBXFileReference; lastKnownFileType = sourcecode.swift; path = "Manager+Search.swift"; sourceTree = "<group>"; };
		C38E88682B83BA2C0092B9FA /* Manager+Location.swift */ = {isa = PBXFileReference; lastKnownFileType = sourcecode.swift; path = "Manager+Location.swift"; sourceTree = "<group>"; };
		C38E886A2B83BA5B0092B9FA /* Manager+Geocoding.swift */ = {isa = PBXFileReference; lastKnownFileType = sourcecode.swift; path = "Manager+Geocoding.swift"; sourceTree = "<group>"; };
		C38E886E2B83BAAC0092B9FA /* Manager+Directions.swift */ = {isa = PBXFileReference; lastKnownFileType = sourcecode.swift; path = "Manager+Directions.swift"; sourceTree = "<group>"; };
		C38E88702B83BAED0092B9FA /* Restaurant.swift */ = {isa = PBXFileReference; lastKnownFileType = sourcecode.swift; path = Restaurant.swift; sourceTree = "<group>"; };
		C38E88722B83BB120092B9FA /* Restaurants.json */ = {isa = PBXFileReference; lastKnownFileType = text.json; path = Restaurants.json; sourceTree = "<group>"; };
		C38E88742B83BB4B0092B9FA /* SCWalk.gpx */ = {isa = PBXFileReference; lastKnownFileType = text.xml; path = SCWalk.gpx; sourceTree = "<group>"; };
		C38E88752B83BB6B0092B9FA /* W209Westgate.gpx */ = {isa = PBXFileReference; lastKnownFileType = text.xml; path = W209Westgate.gpx; sourceTree = "<group>"; };
		C38E88772B83FFA60092B9FA /* ClearButton.swift */ = {isa = PBXFileReference; lastKnownFileType = sourcecode.swift; path = ClearButton.swift; sourceTree = "<group>"; };
		C38E88792B83FFB70092B9FA /* MapInteractionButton.swift */ = {isa = PBXFileReference; lastKnownFileType = sourcecode.swift; path = MapInteractionButton.swift; sourceTree = "<group>"; };
		C38E887B2B83FFCC0092B9FA /* GeocodeButton.swift */ = {isa = PBXFileReference; lastKnownFileType = sourcecode.swift; path = GeocodeButton.swift; sourceTree = "<group>"; };
		C38E887D2B83FFDF0092B9FA /* DiningButton.swift */ = {isa = PBXFileReference; lastKnownFileType = sourcecode.swift; path = DiningButton.swift; sourceTree = "<group>"; };
		C38E887F2B83FFEE0092B9FA /* ZoomPlaceButton.swift */ = {isa = PBXFileReference; lastKnownFileType = sourcecode.swift; path = ZoomPlaceButton.swift; sourceTree = "<group>"; };
		C38E88842B84F9420092B9FA /* CLLocationsCoorsdinate2D+utils.swift */ = {isa = PBXFileReference; lastKnownFileType = sourcecode.swift; path = "CLLocationsCoorsdinate2D+utils.swift"; sourceTree = "<group>"; };
		C38E88862B84F96B0092B9FA /* DowntownMap.swift */ = {isa = PBXFileReference; lastKnownFileType = sourcecode.swift; path = DowntownMap.swift; sourceTree = "<group>"; };
		C38E88882B84FF1B0092B9FA /* Manager+Details.swift */ = {isa = PBXFileReference; lastKnownFileType = sourcecode.swift; path = "Manager+Details.swift"; sourceTree = "<group>"; };
		C3A5EB272B7A716300C7E7E2 /* Map Explorer.app */ = {isa = PBXFileReference; explicitFileType = wrapper.application; includeInIndex = 0; path = "Map Explorer.app"; sourceTree = BUILT_PRODUCTS_DIR; };
		C3A5EB2A2B7A716300C7E7E2 /* Map_ExplorerApp.swift */ = {isa = PBXFileReference; lastKnownFileType = sourcecode.swift; path = Map_ExplorerApp.swift; sourceTree = "<group>"; };
		C3A5EB2C2B7A716300C7E7E2 /* MainView.swift */ = {isa = PBXFileReference; lastKnownFileType = sourcecode.swift; path = MainView.swift; sourceTree = "<group>"; };
		C3A5EB2E2B7A716500C7E7E2 /* Assets.xcassets */ = {isa = PBXFileReference; lastKnownFileType = folder.assetcatalog; path = Assets.xcassets; sourceTree = "<group>"; };
		C3A5EB312B7A716500C7E7E2 /* Preview Assets.xcassets */ = {isa = PBXFileReference; lastKnownFileType = folder.assetcatalog; path = "Preview Assets.xcassets"; sourceTree = "<group>"; };
		C3A5EB3B2B7A71E200C7E7E2 /* Manager.swift */ = {isa = PBXFileReference; lastKnownFileType = sourcecode.swift; path = Manager.swift; sourceTree = "<group>"; };
		C3A5EB3D2B7A727000C7E7E2 /* Category.swift */ = {isa = PBXFileReference; lastKnownFileType = sourcecode.swift; path = Category.swift; sourceTree = "<group>"; };
		C3A5EB3F2B7A728400C7E7E2 /* Favorite.swift */ = {isa = PBXFileReference; lastKnownFileType = sourcecode.swift; path = Favorite.swift; sourceTree = "<group>"; };
		C3A5EB412B7A72A300C7E7E2 /* PlaceDetailView.swift */ = {isa = PBXFileReference; lastKnownFileType = sourcecode.swift; path = PlaceDetailView.swift; sourceTree = "<group>"; };
		C3A5EB432B7A72BD00C7E7E2 /* ButtonRowView.swift */ = {isa = PBXFileReference; lastKnownFileType = sourcecode.swift; path = ButtonRowView.swift; sourceTree = "<group>"; };
		C3A5EB452B7A72DF00C7E7E2 /* ActionButton.swift */ = {isa = PBXFileReference; lastKnownFileType = sourcecode.swift; path = ActionButton.swift; sourceTree = "<group>"; };
		C3A5EB472B7A730500C7E7E2 /* ControlButtons.swift */ = {isa = PBXFileReference; lastKnownFileType = sourcecode.swift; path = ControlButtons.swift; sourceTree = "<group>"; };
/* End PBXFileReference section */

/* Begin PBXFrameworksBuildPhase section */
		C3A5EB242B7A716300C7E7E2 /* Frameworks */ = {
			isa = PBXFrameworksBuildPhase;
			buildActionMask = 2147483647;
			files = (
			);
			runOnlyForDeploymentPostprocessing = 0;
		};
/* End PBXFrameworksBuildPhase section */

/* Begin PBXGroup section */
		C33315032B7E3A4A00516138 /* Map */ = {
			isa = PBXGroup;
			children = (
				C38E88762B83FF880092B9FA /* Map Buttons */,
				C3A5EB2C2B7A716300C7E7E2 /* MainView.swift */,
				C33315052B7E3B1D00516138 /* MapTopControls.swift */,
				C38E88862B84F96B0092B9FA /* DowntownMap.swift */,
			);
			path = Map;
			sourceTree = "<group>";
		};
		C33315042B7E3AE900516138 /* DetailView */ = {
			isa = PBXGroup;
			children = (
				C3A5EB412B7A72A300C7E7E2 /* PlaceDetailView.swift */,
				C3A5EB452B7A72DF00C7E7E2 /* ActionButton.swift */,
				C3A5EB432B7A72BD00C7E7E2 /* ButtonRowView.swift */,
				C3A5EB472B7A730500C7E7E2 /* ControlButtons.swift */,
			);
			path = DetailView;
			sourceTree = "<group>";
		};
		C38E88732B83BB390092B9FA /* Utils */ = {
			isa = PBXGroup;
			children = (
				C38E88742B83BB4B0092B9FA /* SCWalk.gpx */,
				C38E88752B83BB6B0092B9FA /* W209Westgate.gpx */,
			);
			path = Utils;
			sourceTree = "<group>";
		};
		C38E88762B83FF880092B9FA /* Map Buttons */ = {
			isa = PBXGroup;
			children = (
				C33315072B7E3B6200516138 /* SearchButton.swift */,
				C38E88772B83FFA60092B9FA /* ClearButton.swift */,
				C38E88792B83FFB70092B9FA /* MapInteractionButton.swift */,
				C38E887B2B83FFCC0092B9FA /* GeocodeButton.swift */,
				C38E887D2B83FFDF0092B9FA /* DiningButton.swift */,
				C38E887F2B83FFEE0092B9FA /* ZoomPlaceButton.swift */,
			);
			path = "Map Buttons";
			sourceTree = "<group>";
		};
		C3A5EB1E2B7A716200C7E7E2 = {
			isa = PBXGroup;
			children = (
				C3A5EB292B7A716300C7E7E2 /* Map Explorer */,
				C3A5EB282B7A716300C7E7E2 /* Products */,
			);
			sourceTree = "<group>";
		};
		C3A5EB282B7A716300C7E7E2 /* Products */ = {
			isa = PBXGroup;
			children = (
				C3A5EB272B7A716300C7E7E2 /* Map Explorer.app */,
			);
			name = Products;
			sourceTree = "<group>";
		};
		C3A5EB292B7A716300C7E7E2 /* Map Explorer */ = {
			isa = PBXGroup;
			children = (
				C38E88732B83BB390092B9FA /* Utils */,
				C3A5EB382B7A717400C7E7E2 /* Model */,
				C3A5EB392B7A717E00C7E7E2 /* View Model */,
				C3A5EB3A2B7A718A00C7E7E2 /* Views */,
				C3A5EB2A2B7A716300C7E7E2 /* Map_ExplorerApp.swift */,
				C3A5EB2E2B7A716500C7E7E2 /* Assets.xcassets */,
				C3A5EB302B7A716500C7E7E2 /* Preview Content */,
			);
			path = "Map Explorer";
			sourceTree = "<group>";
		};
		C3A5EB302B7A716500C7E7E2 /* Preview Content */ = {
			isa = PBXGroup;
			children = (
				C3A5EB312B7A716500C7E7E2 /* Preview Assets.xcassets */,
			);
			path = "Preview Content";
			sourceTree = "<group>";
		};
		C3A5EB382B7A717400C7E7E2 /* Model */ = {
			isa = PBXGroup;
			children = (
				C3A5EB3D2B7A727000C7E7E2 /* Category.swift */,
				C3A5EB3F2B7A728400C7E7E2 /* Favorite.swift */,
				C33315092B7E3B7300516138 /* Place.swift */,
				C38E88702B83BAED0092B9FA /* Restaurant.swift */,
				C38E88722B83BB120092B9FA /* Restaurants.json */,
				C38C99B32B865695001505DD /* CircleRegion.swift */,
			);
			path = Model;
			sourceTree = "<group>";
		};
		C3A5EB392B7A717E00C7E7E2 /* View Model */ = {
			isa = PBXGroup;
			children = (
				C3A5EB3B2B7A71E200C7E7E2 /* Manager.swift */,
				C38E88662B83B9DD0092B9FA /* Manager+Search.swift */,
				C38E88682B83BA2C0092B9FA /* Manager+Location.swift */,
				C38E886A2B83BA5B0092B9FA /* Manager+Geocoding.swift */,
				C38E886E2B83BAAC0092B9FA /* Manager+Directions.swift */,
				C38E88842B84F9420092B9FA /* CLLocationsCoorsdinate2D+utils.swift */,
				C38E88882B84FF1B0092B9FA /* Manager+Details.swift */,
				C32951B62B87C1B100543B3B /* Manager+Regions.swift */,
			);
			path = "View Model";
			sourceTree = "<group>";
		};
		C3A5EB3A2B7A718A00C7E7E2 /* Views */ = {
			isa = PBXGroup;
			children = (
				C33315042B7E3AE900516138 /* DetailView */,
				C33315032B7E3A4A00516138 /* Map */,
			);
			path = Views;
			sourceTree = "<group>";
		};
/* End PBXGroup section */

/* Begin PBXNativeTarget section */
		C3A5EB262B7A716300C7E7E2 /* Map Explorer */ = {
			isa = PBXNativeTarget;
			buildConfigurationList = C3A5EB352B7A716500C7E7E2 /* Build configuration list for PBXNativeTarget "Map Explorer" */;
			buildPhases = (
				C3A5EB232B7A716300C7E7E2 /* Sources */,
				C3A5EB242B7A716300C7E7E2 /* Frameworks */,
				C3A5EB252B7A716300C7E7E2 /* Resources */,
			);
			buildRules = (
			);
			dependencies = (
			);
			name = "Map Explorer";
			productName = "Map Explorer";
			productReference = C3A5EB272B7A716300C7E7E2 /* Map Explorer.app */;
			productType = "com.apple.product-type.application";
		};
/* End PBXNativeTarget section */

/* Begin PBXProject section */
		C3A5EB1F2B7A716200C7E7E2 /* Project object */ = {
			isa = PBXProject;
			attributes = {
				BuildIndependentTargetsInParallel = 1;
				LastSwiftUpdateCheck = 1520;
				LastUpgradeCheck = 1520;
				TargetAttributes = {
					C3A5EB262B7A716300C7E7E2 = {
						CreatedOnToolsVersion = 15.2;
					};
				};
			};
			buildConfigurationList = C3A5EB222B7A716200C7E7E2 /* Build configuration list for PBXProject "Map Explorer" */;
			compatibilityVersion = "Xcode 14.0";
			developmentRegion = en;
			hasScannedForEncodings = 0;
			knownRegions = (
				en,
				Base,
			);
			mainGroup = C3A5EB1E2B7A716200C7E7E2;
			productRefGroup = C3A5EB282B7A716300C7E7E2 /* Products */;
			projectDirPath = "";
			projectRoot = "";
			targets = (
				C3A5EB262B7A716300C7E7E2 /* Map Explorer */,
			);
		};
/* End PBXProject section */

/* Begin PBXResourcesBuildPhase section */
		C3A5EB252B7A716300C7E7E2 /* Resources */ = {
			isa = PBXResourcesBuildPhase;
			buildActionMask = 2147483647;
			files = (
				C38C99B22B8519DA001505DD /* Restaurants.json in Resources */,
				C3A5EB322B7A716500C7E7E2 /* Preview Assets.xcassets in Resources */,
				C3A5EB2F2B7A716500C7E7E2 /* Assets.xcassets in Resources */,
			);
			runOnlyForDeploymentPostprocessing = 0;
		};
/* End PBXResourcesBuildPhase section */

/* Begin PBXSourcesBuildPhase section */
		C3A5EB232B7A716300C7E7E2 /* Sources */ = {
			isa = PBXSourcesBuildPhase;
			buildActionMask = 2147483647;
			files = (
				C38E88892B84FF1B0092B9FA /* Manager+Details.swift in Sources */,
				C38C99B42B865695001505DD /* CircleRegion.swift in Sources */,
				C38E886B2B83BA5B0092B9FA /* Manager+Geocoding.swift in Sources */,
				C38E88692B83BA2C0092B9FA /* Manager+Location.swift in Sources */,
				C3A5EB442B7A72BD00C7E7E2 /* ButtonRowView.swift in Sources */,
				C38E88802B83FFEE0092B9FA /* ZoomPlaceButton.swift in Sources */,
				C38E887C2B83FFCC0092B9FA /* GeocodeButton.swift in Sources */,
				C3A5EB402B7A728400C7E7E2 /* Favorite.swift in Sources */,
				C3A5EB422B7A72A300C7E7E2 /* PlaceDetailView.swift in Sources */,
				C333150A2B7E3B7300516138 /* Place.swift in Sources */,
				C3A5EB2D2B7A716300C7E7E2 /* MainView.swift in Sources */,
				C3A5EB3C2B7A71E200C7E7E2 /* Manager.swift in Sources */,
				C38E88872B84F96B0092B9FA /* DowntownMap.swift in Sources */,
				C38E88712B83BAED0092B9FA /* Restaurant.swift in Sources */,
				C3A5EB2B2B7A716300C7E7E2 /* Map_ExplorerApp.swift in Sources */,
				C38E88852B84F9420092B9FA /* CLLocationsCoorsdinate2D+utils.swift in Sources */,
				C3A5EB3E2B7A727000C7E7E2 /* Category.swift in Sources */,
				C38E887A2B83FFB70092B9FA /* MapInteractionButton.swift in Sources */,
				C38E88672B83B9DD0092B9FA /* Manager+Search.swift in Sources */,
				C33315082B7E3B6200516138 /* SearchButton.swift in Sources */,
				C38E88782B83FFA60092B9FA /* ClearButton.swift in Sources */,
				C3A5EB462B7A72DF00C7E7E2 /* ActionButton.swift in Sources */,
				C33315062B7E3B1D00516138 /* MapTopControls.swift in Sources */,
				C3A5EB482B7A730500C7E7E2 /* ControlButtons.swift in Sources */,
				C38E887E2B83FFDF0092B9FA /* DiningButton.swift in Sources */,
				C32951B72B87C1B100543B3B /* Manager+Regions.swift in Sources */,
				C38E886F2B83BAAC0092B9FA /* Manager+Directions.swift in Sources */,
			);
			runOnlyForDeploymentPostprocessing = 0;
		};
/* End PBXSourcesBuildPhase section */

/* Begin XCBuildConfiguration section */
		C3A5EB332B7A716500C7E7E2 /* Debug */ = {
			isa = XCBuildConfiguration;
			buildSettings = {
				ALWAYS_SEARCH_USER_PATHS = NO;
				ASSETCATALOG_COMPILER_GENERATE_SWIFT_ASSET_SYMBOL_EXTENSIONS = YES;
				CLANG_ANALYZER_NONNULL = YES;
				CLANG_ANALYZER_NUMBER_OBJECT_CONVERSION = YES_AGGRESSIVE;
				CLANG_CXX_LANGUAGE_STANDARD = "gnu++20";
				CLANG_ENABLE_MODULES = YES;
				CLANG_ENABLE_OBJC_ARC = YES;
				CLANG_ENABLE_OBJC_WEAK = YES;
				CLANG_WARN_BLOCK_CAPTURE_AUTORELEASING = YES;
				CLANG_WARN_BOOL_CONVERSION = YES;
				CLANG_WARN_COMMA = YES;
				CLANG_WARN_CONSTANT_CONVERSION = YES;
				CLANG_WARN_DEPRECATED_OBJC_IMPLEMENTATIONS = YES;
				CLANG_WARN_DIRECT_OBJC_ISA_USAGE = YES_ERROR;
				CLANG_WARN_DOCUMENTATION_COMMENTS = YES;
				CLANG_WARN_EMPTY_BODY = YES;
				CLANG_WARN_ENUM_CONVERSION = YES;
				CLANG_WARN_INFINITE_RECURSION = YES;
				CLANG_WARN_INT_CONVERSION = YES;
				CLANG_WARN_NON_LITERAL_NULL_CONVERSION = YES;
				CLANG_WARN_OBJC_IMPLICIT_RETAIN_SELF = YES;
				CLANG_WARN_OBJC_LITERAL_CONVERSION = YES;
				CLANG_WARN_OBJC_ROOT_CLASS = YES_ERROR;
				CLANG_WARN_QUOTED_INCLUDE_IN_FRAMEWORK_HEADER = YES;
				CLANG_WARN_RANGE_LOOP_ANALYSIS = YES;
				CLANG_WARN_STRICT_PROTOTYPES = YES;
				CLANG_WARN_SUSPICIOUS_MOVE = YES;
				CLANG_WARN_UNGUARDED_AVAILABILITY = YES_AGGRESSIVE;
				CLANG_WARN_UNREACHABLE_CODE = YES;
				CLANG_WARN__DUPLICATE_METHOD_MATCH = YES;
				COPY_PHASE_STRIP = NO;
				DEBUG_INFORMATION_FORMAT = dwarf;
				ENABLE_STRICT_OBJC_MSGSEND = YES;
				ENABLE_TESTABILITY = YES;
				ENABLE_USER_SCRIPT_SANDBOXING = YES;
				GCC_C_LANGUAGE_STANDARD = gnu17;
				GCC_DYNAMIC_NO_PIC = NO;
				GCC_NO_COMMON_BLOCKS = YES;
				GCC_OPTIMIZATION_LEVEL = 0;
				GCC_PREPROCESSOR_DEFINITIONS = (
					"DEBUG=1",
					"$(inherited)",
				);
				GCC_WARN_64_TO_32_BIT_CONVERSION = YES;
				GCC_WARN_ABOUT_RETURN_TYPE = YES_ERROR;
				GCC_WARN_UNDECLARED_SELECTOR = YES;
				GCC_WARN_UNINITIALIZED_AUTOS = YES_AGGRESSIVE;
				GCC_WARN_UNUSED_FUNCTION = YES;
				GCC_WARN_UNUSED_VARIABLE = YES;
				IPHONEOS_DEPLOYMENT_TARGET = 17.2;
				LOCALIZATION_PREFERS_STRING_CATALOGS = YES;
				MTL_ENABLE_DEBUG_INFO = INCLUDE_SOURCE;
				MTL_FAST_MATH = YES;
				ONLY_ACTIVE_ARCH = YES;
				SDKROOT = iphoneos;
				SWIFT_ACTIVE_COMPILATION_CONDITIONS = "DEBUG $(inherited)";
				SWIFT_OPTIMIZATION_LEVEL = "-Onone";
			};
			name = Debug;
		};
		C3A5EB342B7A716500C7E7E2 /* Release */ = {
			isa = XCBuildConfiguration;
			buildSettings = {
				ALWAYS_SEARCH_USER_PATHS = NO;
				ASSETCATALOG_COMPILER_GENERATE_SWIFT_ASSET_SYMBOL_EXTENSIONS = YES;
				CLANG_ANALYZER_NONNULL = YES;
				CLANG_ANALYZER_NUMBER_OBJECT_CONVERSION = YES_AGGRESSIVE;
				CLANG_CXX_LANGUAGE_STANDARD = "gnu++20";
				CLANG_ENABLE_MODULES = YES;
				CLANG_ENABLE_OBJC_ARC = YES;
				CLANG_ENABLE_OBJC_WEAK = YES;
				CLANG_WARN_BLOCK_CAPTURE_AUTORELEASING = YES;
				CLANG_WARN_BOOL_CONVERSION = YES;
				CLANG_WARN_COMMA = YES;
				CLANG_WARN_CONSTANT_CONVERSION = YES;
				CLANG_WARN_DEPRECATED_OBJC_IMPLEMENTATIONS = YES;
				CLANG_WARN_DIRECT_OBJC_ISA_USAGE = YES_ERROR;
				CLANG_WARN_DOCUMENTATION_COMMENTS = YES;
				CLANG_WARN_EMPTY_BODY = YES;
				CLANG_WARN_ENUM_CONVERSION = YES;
				CLANG_WARN_INFINITE_RECURSION = YES;
				CLANG_WARN_INT_CONVERSION = YES;
				CLANG_WARN_NON_LITERAL_NULL_CONVERSION = YES;
				CLANG_WARN_OBJC_IMPLICIT_RETAIN_SELF = YES;
				CLANG_WARN_OBJC_LITERAL_CONVERSION = YES;
				CLANG_WARN_OBJC_ROOT_CLASS = YES_ERROR;
				CLANG_WARN_QUOTED_INCLUDE_IN_FRAMEWORK_HEADER = YES;
				CLANG_WARN_RANGE_LOOP_ANALYSIS = YES;
				CLANG_WARN_STRICT_PROTOTYPES = YES;
				CLANG_WARN_SUSPICIOUS_MOVE = YES;
				CLANG_WARN_UNGUARDED_AVAILABILITY = YES_AGGRESSIVE;
				CLANG_WARN_UNREACHABLE_CODE = YES;
				CLANG_WARN__DUPLICATE_METHOD_MATCH = YES;
				COPY_PHASE_STRIP = NO;
				DEBUG_INFORMATION_FORMAT = "dwarf-with-dsym";
				ENABLE_NS_ASSERTIONS = NO;
				ENABLE_STRICT_OBJC_MSGSEND = YES;
				ENABLE_USER_SCRIPT_SANDBOXING = YES;
				GCC_C_LANGUAGE_STANDARD = gnu17;
				GCC_NO_COMMON_BLOCKS = YES;
				GCC_WARN_64_TO_32_BIT_CONVERSION = YES;
				GCC_WARN_ABOUT_RETURN_TYPE = YES_ERROR;
				GCC_WARN_UNDECLARED_SELECTOR = YES;
				GCC_WARN_UNINITIALIZED_AUTOS = YES_AGGRESSIVE;
				GCC_WARN_UNUSED_FUNCTION = YES;
				GCC_WARN_UNUSED_VARIABLE = YES;
				IPHONEOS_DEPLOYMENT_TARGET = 17.2;
				LOCALIZATION_PREFERS_STRING_CATALOGS = YES;
				MTL_ENABLE_DEBUG_INFO = NO;
				MTL_FAST_MATH = YES;
				SDKROOT = iphoneos;
				SWIFT_COMPILATION_MODE = wholemodule;
				VALIDATE_PRODUCT = YES;
			};
			name = Release;
		};
		C3A5EB362B7A716500C7E7E2 /* Debug */ = {
			isa = XCBuildConfiguration;
			buildSettings = {
				ASSETCATALOG_COMPILER_APPICON_NAME = AppIcon;
				ASSETCATALOG_COMPILER_GLOBAL_ACCENT_COLOR_NAME = AccentColor;
				CODE_SIGN_STYLE = Automatic;
				CURRENT_PROJECT_VERSION = 1;
				DEVELOPMENT_ASSET_PATHS = "\"Map Explorer/Preview Content\"";
				DEVELOPMENT_TEAM = JP74RZ3MMY;
				ENABLE_PREVIEWS = YES;
				GENERATE_INFOPLIST_FILE = YES;
				INFOPLIST_KEY_NSLocationWhenInUseUsageDescription = "WE WANT TO TRACK YOU!";
				INFOPLIST_KEY_UIApplicationSceneManifest_Generation = YES;
				INFOPLIST_KEY_UIApplicationSupportsIndirectInputEvents = YES;
				INFOPLIST_KEY_UILaunchScreen_Generation = YES;
				INFOPLIST_KEY_UISupportedInterfaceOrientations_iPad = "UIInterfaceOrientationPortrait UIInterfaceOrientationPortraitUpsideDown UIInterfaceOrientationLandscapeLeft UIInterfaceOrientationLandscapeRight";
				INFOPLIST_KEY_UISupportedInterfaceOrientations_iPhone = "UIInterfaceOrientationPortrait UIInterfaceOrientationLandscapeLeft UIInterfaceOrientationLandscapeRight";
				LD_RUNPATH_SEARCH_PATHS = (
					"$(inherited)",
					"@executable_path/Frameworks",
				);
				MARKETING_VERSION = 1.0;
				PRODUCT_BUNDLE_IDENTIFIER = "edu.psu.Map-Explorer";
				PRODUCT_NAME = "$(TARGET_NAME)";
				SWIFT_EMIT_LOC_STRINGS = YES;
				SWIFT_VERSION = 5.0;
				TARGETED_DEVICE_FAMILY = "1,2";
			};
			name = Debug;
		};
		C3A5EB372B7A716500C7E7E2 /* Release */ = {
			isa = XCBuildConfiguration;
			buildSettings = {
				ASSETCATALOG_COMPILER_APPICON_NAME = AppIcon;
				ASSETCATALOG_COMPILER_GLOBAL_ACCENT_COLOR_NAME = AccentColor;
				CODE_SIGN_STYLE = Automatic;
				CURRENT_PROJECT_VERSION = 1;
				DEVELOPMENT_ASSET_PATHS = "\"Map Explorer/Preview Content\"";
				DEVELOPMENT_TEAM = JP74RZ3MMY;
				ENABLE_PREVIEWS = YES;
				GENERATE_INFOPLIST_FILE = YES;
				INFOPLIST_KEY_NSLocationWhenInUseUsageDescription = "WE WANT TO TRACK YOU!";
				INFOPLIST_KEY_UIApplicationSceneManifest_Generation = YES;
				INFOPLIST_KEY_UIApplicationSupportsIndirectInputEvents = YES;
				INFOPLIST_KEY_UILaunchScreen_Generation = YES;
				INFOPLIST_KEY_UISupportedInterfaceOrientations_iPad = "UIInterfaceOrientationPortrait UIInterfaceOrientationPortraitUpsideDown UIInterfaceOrientationLandscapeLeft UIInterfaceOrientationLandscapeRight";
				INFOPLIST_KEY_UISupportedInterfaceOrientations_iPhone = "UIInterfaceOrientationPortrait UIInterfaceOrientationLandscapeLeft UIInterfaceOrientationLandscapeRight";
				LD_RUNPATH_SEARCH_PATHS = (
					"$(inherited)",
					"@executable_path/Frameworks",
				);
				MARKETING_VERSION = 1.0;
				PRODUCT_BUNDLE_IDENTIFIER = "edu.psu.Map-Explorer";
				PRODUCT_NAME = "$(TARGET_NAME)";
				SWIFT_EMIT_LOC_STRINGS = YES;
				SWIFT_VERSION = 5.0;
				TARGETED_DEVICE_FAMILY = "1,2";
			};
			name = Release;
		};
/* End XCBuildConfiguration section */

/* Begin XCConfigurationList section */
		C3A5EB222B7A716200C7E7E2 /* Build configuration list for PBXProject "Map Explorer" */ = {
			isa = XCConfigurationList;
			buildConfigurations = (
				C3A5EB332B7A716500C7E7E2 /* Debug */,
				C3A5EB342B7A716500C7E7E2 /* Release */,
			);
			defaultConfigurationIsVisible = 0;
			defaultConfigurationName = Release;
		};
		C3A5EB352B7A716500C7E7E2 /* Build configuration list for PBXNativeTarget "Map Explorer" */ = {
			isa = XCConfigurationList;
			buildConfigurations = (
				C3A5EB362B7A716500C7E7E2 /* Debug */,
				C3A5EB372B7A716500C7E7E2 /* Release */,
			);
			defaultConfigurationIsVisible = 0;
			defaultConfigurationName = Release;
		};
/* End XCConfigurationList section */
	};
	rootObject = C3A5EB1F2B7A716200C7E7E2 /* Project object */;
}
