// !$*UTF8*$!
{
	archiveVersion = 1;
	classes = {
	};
	objectVersion = 56;
	objects = {

/* Begin PBXBuildFile section */
		C31001922B9FBEE00034B0C0 /* US_StatesApp.swift in Sources */ = {isa = PBXBuildFile; fileRef = C31001912B9FBEE00034B0C0 /* US_StatesApp.swift */; };
		C31001942B9FBEE00034B0C0 /* StatesList.swift in Sources */ = {isa = PBXBuildFile; fileRef = C31001932B9FBEE00034B0C0 /* StatesList.swift */; };
		C31001962B9FBEE20034B0C0 /* Assets.xcassets in Resources */ = {isa = PBXBuildFile; fileRef = C31001952B9FBEE20034B0C0 /* Assets.xcassets */; };
		C31001992B9FBEE20034B0C0 /* Preview Assets.xcassets in Resources */ = {isa = PBXBuildFile; fileRef = C31001982B9FBEE20034B0C0 /* Preview Assets.xcassets */; };
		C31001A32B9FBF3D0034B0C0 /* USState.swift in Sources */ = {isa = PBXBuildFile; fileRef = C31001A22B9FBF3D0034B0C0 /* USState.swift */; };
		C31001A52B9FBF660034B0C0 /* StateData.json in Resources */ = {isa = PBXBuildFile; fileRef = C31001A42B9FBF660034B0C0 /* StateData.json */; };
		C31001A72B9FBF940034B0C0 /* Persistence.swift in Sources */ = {isa = PBXBuildFile; fileRef = C31001A62B9FBF940034B0C0 /* Persistence.swift */; };
		C31001A92B9FBFB00034B0C0 /* StatesManager.swift in Sources */ = {isa = PBXBuildFile; fileRef = C31001A82B9FBFB00034B0C0 /* StatesManager.swift */; };
		C33A7D872BA9AE78007C093A /* Constants.swift in Sources */ = {isa = PBXBuildFile; fileRef = C33A7D862BA9AE78007C093A /* Constants.swift */; };
		C33A7D9B2BA9E459007C093A /* Category.swift in Sources */ = {isa = PBXBuildFile; fileRef = C33A7D9A2BA9E459007C093A /* Category.swift */; };
		C38970EA2BA9F2F000227DC3 /* HomeStateView.swift in Sources */ = {isa = PBXBuildFile; fileRef = C38970E92BA9F2F000227DC3 /* HomeStateView.swift */; };
		C38970EC2BA9F53D00227DC3 /* HomeView.swift in Sources */ = {isa = PBXBuildFile; fileRef = C38970EB2BA9F53D00227DC3 /* HomeView.swift */; };
		C38970EE2BA9F60600227DC3 /* CategoryView.swift in Sources */ = {isa = PBXBuildFile; fileRef = C38970ED2BA9F60600227DC3 /* CategoryView.swift */; };
		C38970F22BAA252000227DC3 /* StateCardView.swift in Sources */ = {isa = PBXBuildFile; fileRef = C38970F12BAA252000227DC3 /* StateCardView.swift */; };
		C3D8E56C2BA251C100F5EAEC /* StateRow.swift in Sources */ = {isa = PBXBuildFile; fileRef = C3D8E56B2BA251C100F5EAEC /* StateRow.swift */; };
		C3D8E56F2BA2521100F5EAEC /* StateDetailView.swift in Sources */ = {isa = PBXBuildFile; fileRef = C3D8E56E2BA2521100F5EAEC /* StateDetailView.swift */; };
		C3D8E5712BA2524200F5EAEC /* DetailBird.swift in Sources */ = {isa = PBXBuildFile; fileRef = C3D8E5702BA2524200F5EAEC /* DetailBird.swift */; };
		C3D8E5732BA2525600F5EAEC /* DetailHeader.swift in Sources */ = {isa = PBXBuildFile; fileRef = C3D8E5722BA2525600F5EAEC /* DetailHeader.swift */; };
		C3D8E5752BA2527100F5EAEC /* DetailImages.swift in Sources */ = {isa = PBXBuildFile; fileRef = C3D8E5742BA2527100F5EAEC /* DetailImages.swift */; };
		C3D8E5772BA2528A00F5EAEC /* FeatureButton.swift in Sources */ = {isa = PBXBuildFile; fileRef = C3D8E5762BA2528A00F5EAEC /* FeatureButton.swift */; };
		C3D8E5792BA252F500F5EAEC /* StateManager+Sectioning.swift in Sources */ = {isa = PBXBuildFile; fileRef = C3D8E5782BA252F500F5EAEC /* StateManager+Sectioning.swift */; };
		C3D8E57B2BA2531000F5EAEC /* Sectioning.swift in Sources */ = {isa = PBXBuildFile; fileRef = C3D8E57A2BA2531000F5EAEC /* Sectioning.swift */; };
		C3D8E57D2BA2536900F5EAEC /* SectionPicker.swift in Sources */ = {isa = PBXBuildFile; fileRef = C3D8E57C2BA2536900F5EAEC /* SectionPicker.swift */; };
/* End PBXBuildFile section */

/* Begin PBXFileReference section */
		C310018E2B9FBEE00034B0C0 /* US States.app */ = {isa = PBXFileReference; explicitFileType = wrapper.application; includeInIndex = 0; path = "US States.app"; sourceTree = BUILT_PRODUCTS_DIR; };
		C31001912B9FBEE00034B0C0 /* US_StatesApp.swift */ = {isa = PBXFileReference; lastKnownFileType = sourcecode.swift; path = US_StatesApp.swift; sourceTree = "<group>"; };
		C31001932B9FBEE00034B0C0 /* StatesList.swift */ = {isa = PBXFileReference; lastKnownFileType = sourcecode.swift; path = StatesList.swift; sourceTree = "<group>"; };
		C31001952B9FBEE20034B0C0 /* Assets.xcassets */ = {isa = PBXFileReference; lastKnownFileType = folder.assetcatalog; path = Assets.xcassets; sourceTree = "<group>"; };
		C31001982B9FBEE20034B0C0 /* Preview Assets.xcassets */ = {isa = PBXFileReference; lastKnownFileType = folder.assetcatalog; path = "Preview Assets.xcassets"; sourceTree = "<group>"; };
		C31001A22B9FBF3D0034B0C0 /* USState.swift */ = {isa = PBXFileReference; lastKnownFileType = sourcecode.swift; path = USState.swift; sourceTree = "<group>"; };
		C31001A42B9FBF660034B0C0 /* StateData.json */ = {isa = PBXFileReference; lastKnownFileType = text.json; path = StateData.json; sourceTree = "<group>"; };
		C31001A62B9FBF940034B0C0 /* Persistence.swift */ = {isa = PBXFileReference; lastKnownFileType = sourcecode.swift; path = Persistence.swift; sourceTree = "<group>"; };
		C31001A82B9FBFB00034B0C0 /* StatesManager.swift */ = {isa = PBXFileReference; lastKnownFileType = sourcecode.swift; path = StatesManager.swift; sourceTree = "<group>"; };
		C33A7D862BA9AE78007C093A /* Constants.swift */ = {isa = PBXFileReference; lastKnownFileType = sourcecode.swift; path = Constants.swift; sourceTree = "<group>"; };
		C33A7D9A2BA9E459007C093A /* Category.swift */ = {isa = PBXFileReference; lastKnownFileType = sourcecode.swift; path = Category.swift; sourceTree = "<group>"; };
		C38970E92BA9F2F000227DC3 /* HomeStateView.swift */ = {isa = PBXFileReference; lastKnownFileType = sourcecode.swift; path = HomeStateView.swift; sourceTree = "<group>"; };
		C38970EB2BA9F53D00227DC3 /* HomeView.swift */ = {isa = PBXFileReference; lastKnownFileType = sourcecode.swift; path = HomeView.swift; sourceTree = "<group>"; };
		C38970ED2BA9F60600227DC3 /* CategoryView.swift */ = {isa = PBXFileReference; lastKnownFileType = sourcecode.swift; path = CategoryView.swift; sourceTree = "<group>"; };
		C38970F12BAA252000227DC3 /* StateCardView.swift */ = {isa = PBXFileReference; lastKnownFileType = sourcecode.swift; path = StateCardView.swift; sourceTree = "<group>"; };
		C3D8E56B2BA251C100F5EAEC /* StateRow.swift */ = {isa = PBXFileReference; lastKnownFileType = sourcecode.swift; path = StateRow.swift; sourceTree = "<group>"; };
		C3D8E56E2BA2521100F5EAEC /* StateDetailView.swift */ = {isa = PBXFileReference; lastKnownFileType = sourcecode.swift; path = StateDetailView.swift; sourceTree = "<group>"; };
		C3D8E5702BA2524200F5EAEC /* DetailBird.swift */ = {isa = PBXFileReference; lastKnownFileType = sourcecode.swift; path = DetailBird.swift; sourceTree = "<group>"; };
		C3D8E5722BA2525600F5EAEC /* DetailHeader.swift */ = {isa = PBXFileReference; lastKnownFileType = sourcecode.swift; path = DetailHeader.swift; sourceTree = "<group>"; };
		C3D8E5742BA2527100F5EAEC /* DetailImages.swift */ = {isa = PBXFileReference; lastKnownFileType = sourcecode.swift; path = DetailImages.swift; sourceTree = "<group>"; };
		C3D8E5762BA2528A00F5EAEC /* FeatureButton.swift */ = {isa = PBXFileReference; lastKnownFileType = sourcecode.swift; path = FeatureButton.swift; sourceTree = "<group>"; };
		C3D8E5782BA252F500F5EAEC /* StateManager+Sectioning.swift */ = {isa = PBXFileReference; lastKnownFileType = sourcecode.swift; path = "StateManager+Sectioning.swift"; sourceTree = "<group>"; };
		C3D8E57A2BA2531000F5EAEC /* Sectioning.swift */ = {isa = PBXFileReference; lastKnownFileType = sourcecode.swift; path = Sectioning.swift; sourceTree = "<group>"; };
		C3D8E57C2BA2536900F5EAEC /* SectionPicker.swift */ = {isa = PBXFileReference; lastKnownFileType = sourcecode.swift; path = SectionPicker.swift; sourceTree = "<group>"; };
/* End PBXFileReference section */

/* Begin PBXFrameworksBuildPhase section */
		C310018B2B9FBEE00034B0C0 /* Frameworks */ = {
			isa = PBXFrameworksBuildPhase;
			buildActionMask = 2147483647;
			files = (
			);
			runOnlyForDeploymentPostprocessing = 0;
		};
/* End PBXFrameworksBuildPhase section */

/* Begin PBXGroup section */
		C31001852B9FBEE00034B0C0 = {
			isa = PBXGroup;
			children = (
				C31001902B9FBEE00034B0C0 /* US States */,
				C310018F2B9FBEE00034B0C0 /* Products */,
			);
			sourceTree = "<group>";
		};
		C310018F2B9FBEE00034B0C0 /* Products */ = {
			isa = PBXGroup;
			children = (
				C310018E2B9FBEE00034B0C0 /* US States.app */,
			);
			name = Products;
			sourceTree = "<group>";
		};
		C31001902B9FBEE00034B0C0 /* US States */ = {
			isa = PBXGroup;
			children = (
				C310019F2B9FBF060034B0C0 /* Model */,
				C31001A02B9FBF0C0034B0C0 /* View Model */,
				C31001A12B9FBF180034B0C0 /* Views */,
				C31001912B9FBEE00034B0C0 /* US_StatesApp.swift */,
				C31001952B9FBEE20034B0C0 /* Assets.xcassets */,
				C31001972B9FBEE20034B0C0 /* Preview Content */,
			);
			path = "US States";
			sourceTree = "<group>";
		};
		C31001972B9FBEE20034B0C0 /* Preview Content */ = {
			isa = PBXGroup;
			children = (
				C31001982B9FBEE20034B0C0 /* Preview Assets.xcassets */,
			);
			path = "Preview Content";
			sourceTree = "<group>";
		};
		C310019F2B9FBF060034B0C0 /* Model */ = {
			isa = PBXGroup;
			children = (
				C31001A22B9FBF3D0034B0C0 /* USState.swift */,
				C31001A42B9FBF660034B0C0 /* StateData.json */,
			);
			path = Model;
			sourceTree = "<group>";
		};
		C31001A02B9FBF0C0034B0C0 /* View Model */ = {
			isa = PBXGroup;
			children = (
				C31001A62B9FBF940034B0C0 /* Persistence.swift */,
				C31001A82B9FBFB00034B0C0 /* StatesManager.swift */,
				C3D8E5782BA252F500F5EAEC /* StateManager+Sectioning.swift */,
				C3D8E57A2BA2531000F5EAEC /* Sectioning.swift */,
				C33A7D9A2BA9E459007C093A /* Category.swift */,
			);
			path = "View Model";
			sourceTree = "<group>";
		};
		C31001A12B9FBF180034B0C0 /* Views */ = {
			isa = PBXGroup;
			children = (
				C38970F02BAA24D100227DC3 /* Home View */,
				C38970EF2BAA24C200227DC3 /* List */,
				C3D8E56D2BA251FB00F5EAEC /* Details */,
				C33A7D862BA9AE78007C093A /* Constants.swift */,
			);
			path = Views;
			sourceTree = "<group>";
		};
		C38970EF2BAA24C200227DC3 /* List */ = {
			isa = PBXGroup;
			children = (
				C3D8E57C2BA2536900F5EAEC /* SectionPicker.swift */,
				C3D8E56B2BA251C100F5EAEC /* StateRow.swift */,
				C31001932B9FBEE00034B0C0 /* StatesList.swift */,
			);
			path = List;
			sourceTree = "<group>";
		};
		C38970F02BAA24D100227DC3 /* Home View */ = {
			isa = PBXGroup;
			children = (
				C38970EB2BA9F53D00227DC3 /* HomeView.swift */,
				C38970ED2BA9F60600227DC3 /* CategoryView.swift */,
				C38970E92BA9F2F000227DC3 /* HomeStateView.swift */,
				C38970F12BAA252000227DC3 /* StateCardView.swift */,
			);
			path = "Home View";
			sourceTree = "<group>";
		};
		C3D8E56D2BA251FB00F5EAEC /* Details */ = {
			isa = PBXGroup;
			children = (
				C3D8E56E2BA2521100F5EAEC /* StateDetailView.swift */,
				C3D8E5702BA2524200F5EAEC /* DetailBird.swift */,
				C3D8E5722BA2525600F5EAEC /* DetailHeader.swift */,
				C3D8E5742BA2527100F5EAEC /* DetailImages.swift */,
				C3D8E5762BA2528A00F5EAEC /* FeatureButton.swift */,
			);
			path = Details;
			sourceTree = "<group>";
		};
/* End PBXGroup section */

/* Begin PBXNativeTarget section */
		C310018D2B9FBEE00034B0C0 /* US States */ = {
			isa = PBXNativeTarget;
			buildConfigurationList = C310019C2B9FBEE20034B0C0 /* Build configuration list for PBXNativeTarget "US States" */;
			buildPhases = (
				C310018A2B9FBEE00034B0C0 /* Sources */,
				C310018B2B9FBEE00034B0C0 /* Frameworks */,
				C310018C2B9FBEE00034B0C0 /* Resources */,
			);
			buildRules = (
			);
			dependencies = (
			);
			name = "US States";
			productName = "US States";
			productReference = C310018E2B9FBEE00034B0C0 /* US States.app */;
			productType = "com.apple.product-type.application";
		};
/* End PBXNativeTarget section */

/* Begin PBXProject section */
		C31001862B9FBEE00034B0C0 /* Project object */ = {
			isa = PBXProject;
			attributes = {
				BuildIndependentTargetsInParallel = 1;
				LastSwiftUpdateCheck = 1520;
				LastUpgradeCheck = 1520;
				TargetAttributes = {
					C310018D2B9FBEE00034B0C0 = {
						CreatedOnToolsVersion = 15.2;
					};
				};
			};
			buildConfigurationList = C31001892B9FBEE00034B0C0 /* Build configuration list for PBXProject "US States" */;
			compatibilityVersion = "Xcode 14.0";
			developmentRegion = en;
			hasScannedForEncodings = 0;
			knownRegions = (
				en,
				Base,
			);
			mainGroup = C31001852B9FBEE00034B0C0;
			productRefGroup = C310018F2B9FBEE00034B0C0 /* Products */;
			projectDirPath = "";
			projectRoot = "";
			targets = (
				C310018D2B9FBEE00034B0C0 /* US States */,
			);
		};
/* End PBXProject section */

/* Begin PBXResourcesBuildPhase section */
		C310018C2B9FBEE00034B0C0 /* Resources */ = {
			isa = PBXResourcesBuildPhase;
			buildActionMask = 2147483647;
			files = (
				C31001A52B9FBF660034B0C0 /* StateData.json in Resources */,
				C31001992B9FBEE20034B0C0 /* Preview Assets.xcassets in Resources */,
				C31001962B9FBEE20034B0C0 /* Assets.xcassets in Resources */,
			);
			runOnlyForDeploymentPostprocessing = 0;
		};
/* End PBXResourcesBuildPhase section */

/* Begin PBXSourcesBuildPhase section */
		C310018A2B9FBEE00034B0C0 /* Sources */ = {
			isa = PBXSourcesBuildPhase;
			buildActionMask = 2147483647;
			files = (
				C31001A32B9FBF3D0034B0C0 /* USState.swift in Sources */,
				C3D8E5732BA2525600F5EAEC /* DetailHeader.swift in Sources */,
				C38970EA2BA9F2F000227DC3 /* HomeStateView.swift in Sources */,
				C3D8E57B2BA2531000F5EAEC /* Sectioning.swift in Sources */,
				C3D8E57D2BA2536900F5EAEC /* SectionPicker.swift in Sources */,
				C38970EE2BA9F60600227DC3 /* CategoryView.swift in Sources */,
				C31001A92B9FBFB00034B0C0 /* StatesManager.swift in Sources */,
				C33A7D872BA9AE78007C093A /* Constants.swift in Sources */,
				C3D8E56F2BA2521100F5EAEC /* StateDetailView.swift in Sources */,
				C33A7D9B2BA9E459007C093A /* Category.swift in Sources */,
				C38970EC2BA9F53D00227DC3 /* HomeView.swift in Sources */,
				C31001A72B9FBF940034B0C0 /* Persistence.swift in Sources */,
				C38970F22BAA252000227DC3 /* StateCardView.swift in Sources */,
				C31001942B9FBEE00034B0C0 /* StatesList.swift in Sources */,
				C3D8E5792BA252F500F5EAEC /* StateManager+Sectioning.swift in Sources */,
				C3D8E56C2BA251C100F5EAEC /* StateRow.swift in Sources */,
				C3D8E5772BA2528A00F5EAEC /* FeatureButton.swift in Sources */,
				C31001922B9FBEE00034B0C0 /* US_StatesApp.swift in Sources */,
				C3D8E5752BA2527100F5EAEC /* DetailImages.swift in Sources */,
				C3D8E5712BA2524200F5EAEC /* DetailBird.swift in Sources */,
			);
			runOnlyForDeploymentPostprocessing = 0;
		};
/* End PBXSourcesBuildPhase section */

/* Begin XCBuildConfiguration section */
		C310019A2B9FBEE20034B0C0 /* Debug */ = {
			isa = XCBuildConfiguration;
			buildSettings = {
				ALWAYS_SEARCH_USER_PATHS = NO;
				ASSETCATALOG_COMPILER_GENERATE_SWIFT_ASSET_SYMBOL_EXTENSIONS = YES;
				CLANG_ANALYZER_NONNULL = YES;
				CLANG_ANALYZER_NUMBER_OBJECT_CONVERSION = YES_AGGRESSIVE;
				CLANG_CXX_LANGUAGE_STANDARD = "gnu++20";
				CLANG_ENABLE_MODULES = YES;
				CLANG_ENABLE_OBJC_ARC = YES;
				CLANG_ENABLE_OBJC_WEAK = YES;
				CLANG_WARN_BLOCK_CAPTURE_AUTORELEASING = YES;
				CLANG_WARN_BOOL_CONVERSION = YES;
				CLANG_WARN_COMMA = YES;
				CLANG_WARN_CONSTANT_CONVERSION = YES;
				CLANG_WARN_DEPRECATED_OBJC_IMPLEMENTATIONS = YES;
				CLANG_WARN_DIRECT_OBJC_ISA_USAGE = YES_ERROR;
				CLANG_WARN_DOCUMENTATION_COMMENTS = YES;
				CLANG_WARN_EMPTY_BODY = YES;
				CLANG_WARN_ENUM_CONVERSION = YES;
				CLANG_WARN_INFINITE_RECURSION = YES;
				CLANG_WARN_INT_CONVERSION = YES;
				CLANG_WARN_NON_LITERAL_NULL_CONVERSION = YES;
				CLANG_WARN_OBJC_IMPLICIT_RETAIN_SELF = YES;
				CLANG_WARN_OBJC_LITERAL_CONVERSION = YES;
				CLANG_WARN_OBJC_ROOT_CLASS = YES_ERROR;
				CLANG_WARN_QUOTED_INCLUDE_IN_FRAMEWORK_HEADER = YES;
				CLANG_WARN_RANGE_LOOP_ANALYSIS = YES;
				CLANG_WARN_STRICT_PROTOTYPES = YES;
				CLANG_WARN_SUSPICIOUS_MOVE = YES;
				CLANG_WARN_UNGUARDED_AVAILABILITY = YES_AGGRESSIVE;
				CLANG_WARN_UNREACHABLE_CODE = YES;
				CLANG_WARN__DUPLICATE_METHOD_MATCH = YES;
				COPY_PHASE_STRIP = NO;
				DEBUG_INFORMATION_FORMAT = dwarf;
				ENABLE_STRICT_OBJC_MSGSEND = YES;
				ENABLE_TESTABILITY = YES;
				ENABLE_USER_SCRIPT_SANDBOXING = YES;
				GCC_C_LANGUAGE_STANDARD = gnu17;
				GCC_DYNAMIC_NO_PIC = NO;
				GCC_NO_COMMON_BLOCKS = YES;
				GCC_OPTIMIZATION_LEVEL = 0;
				GCC_PREPROCESSOR_DEFINITIONS = (
					"DEBUG=1",
					"$(inherited)",
				);
				GCC_WARN_64_TO_32_BIT_CONVERSION = YES;
				GCC_WARN_ABOUT_RETURN_TYPE = YES_ERROR;
				GCC_WARN_UNDECLARED_SELECTOR = YES;
				GCC_WARN_UNINITIALIZED_AUTOS = YES_AGGRESSIVE;
				GCC_WARN_UNUSED_FUNCTION = YES;
				GCC_WARN_UNUSED_VARIABLE = YES;
				IPHONEOS_DEPLOYMENT_TARGET = 17.2;
				LOCALIZATION_PREFERS_STRING_CATALOGS = YES;
				MTL_ENABLE_DEBUG_INFO = INCLUDE_SOURCE;
				MTL_FAST_MATH = YES;
				ONLY_ACTIVE_ARCH = YES;
				SDKROOT = iphoneos;
				SWIFT_ACTIVE_COMPILATION_CONDITIONS = "DEBUG $(inherited)";
				SWIFT_OPTIMIZATION_LEVEL = "-Onone";
			};
			name = Debug;
		};
		C310019B2B9FBEE20034B0C0 /* Release */ = {
			isa = XCBuildConfiguration;
			buildSettings = {
				ALWAYS_SEARCH_USER_PATHS = NO;
				ASSETCATALOG_COMPILER_GENERATE_SWIFT_ASSET_SYMBOL_EXTENSIONS = YES;
				CLANG_ANALYZER_NONNULL = YES;
				CLANG_ANALYZER_NUMBER_OBJECT_CONVERSION = YES_AGGRESSIVE;
				CLANG_CXX_LANGUAGE_STANDARD = "gnu++20";
				CLANG_ENABLE_MODULES = YES;
				CLANG_ENABLE_OBJC_ARC = YES;
				CLANG_ENABLE_OBJC_WEAK = YES;
				CLANG_WARN_BLOCK_CAPTURE_AUTORELEASING = YES;
				CLANG_WARN_BOOL_CONVERSION = YES;
				CLANG_WARN_COMMA = YES;
				CLANG_WARN_CONSTANT_CONVERSION = YES;
				CLANG_WARN_DEPRECATED_OBJC_IMPLEMENTATIONS = YES;
				CLANG_WARN_DIRECT_OBJC_ISA_USAGE = YES_ERROR;
				CLANG_WARN_DOCUMENTATION_COMMENTS = YES;
				CLANG_WARN_EMPTY_BODY = YES;
				CLANG_WARN_ENUM_CONVERSION = YES;
				CLANG_WARN_INFINITE_RECURSION = YES;
				CLANG_WARN_INT_CONVERSION = YES;
				CLANG_WARN_NON_LITERAL_NULL_CONVERSION = YES;
				CLANG_WARN_OBJC_IMPLICIT_RETAIN_SELF = YES;
				CLANG_WARN_OBJC_LITERAL_CONVERSION = YES;
				CLANG_WARN_OBJC_ROOT_CLASS = YES_ERROR;
				CLANG_WARN_QUOTED_INCLUDE_IN_FRAMEWORK_HEADER = YES;
				CLANG_WARN_RANGE_LOOP_ANALYSIS = YES;
				CLANG_WARN_STRICT_PROTOTYPES = YES;
				CLANG_WARN_SUSPICIOUS_MOVE = YES;
				CLANG_WARN_UNGUARDED_AVAILABILITY = YES_AGGRESSIVE;
				CLANG_WARN_UNREACHABLE_CODE = YES;
				CLANG_WARN__DUPLICATE_METHOD_MATCH = YES;
				COPY_PHASE_STRIP = NO;
				DEBUG_INFORMATION_FORMAT = "dwarf-with-dsym";
				ENABLE_NS_ASSERTIONS = NO;
				ENABLE_STRICT_OBJC_MSGSEND = YES;
				ENABLE_USER_SCRIPT_SANDBOXING = YES;
				GCC_C_LANGUAGE_STANDARD = gnu17;
				GCC_NO_COMMON_BLOCKS = YES;
				GCC_WARN_64_TO_32_BIT_CONVERSION = YES;
				GCC_WARN_ABOUT_RETURN_TYPE = YES_ERROR;
				GCC_WARN_UNDECLARED_SELECTOR = YES;
				GCC_WARN_UNINITIALIZED_AUTOS = YES_AGGRESSIVE;
				GCC_WARN_UNUSED_FUNCTION = YES;
				GCC_WARN_UNUSED_VARIABLE = YES;
				IPHONEOS_DEPLOYMENT_TARGET = 17.2;
				LOCALIZATION_PREFERS_STRING_CATALOGS = YES;
				MTL_ENABLE_DEBUG_INFO = NO;
				MTL_FAST_MATH = YES;
				SDKROOT = iphoneos;
				SWIFT_COMPILATION_MODE = wholemodule;
				VALIDATE_PRODUCT = YES;
			};
			name = Release;
		};
		C310019D2B9FBEE20034B0C0 /* Debug */ = {
			isa = XCBuildConfiguration;
			buildSettings = {
				ASSETCATALOG_COMPILER_APPICON_NAME = AppIcon;
				ASSETCATALOG_COMPILER_GLOBAL_ACCENT_COLOR_NAME = AccentColor;
				CODE_SIGN_STYLE = Automatic;
				CURRENT_PROJECT_VERSION = 1;
				DEVELOPMENT_ASSET_PATHS = "\"US States/Preview Content\"";
				DEVELOPMENT_TEAM = JP74RZ3MMY;
				ENABLE_PREVIEWS = YES;
				GENERATE_INFOPLIST_FILE = YES;
				INFOPLIST_KEY_UIApplicationSceneManifest_Generation = YES;
				INFOPLIST_KEY_UIApplicationSupportsIndirectInputEvents = YES;
				INFOPLIST_KEY_UILaunchScreen_Generation = YES;
				INFOPLIST_KEY_UISupportedInterfaceOrientations_iPad = "UIInterfaceOrientationPortrait UIInterfaceOrientationPortraitUpsideDown UIInterfaceOrientationLandscapeLeft UIInterfaceOrientationLandscapeRight";
				INFOPLIST_KEY_UISupportedInterfaceOrientations_iPhone = "UIInterfaceOrientationPortrait UIInterfaceOrientationLandscapeLeft UIInterfaceOrientationLandscapeRight";
				LD_RUNPATH_SEARCH_PATHS = (
					"$(inherited)",
					"@executable_path/Frameworks",
				);
				MARKETING_VERSION = 1.0;
				PRODUCT_BUNDLE_IDENTIFIER = "psu.edu.US-States";
				PRODUCT_NAME = "$(TARGET_NAME)";
				SWIFT_EMIT_LOC_STRINGS = YES;
				SWIFT_VERSION = 5.0;
				TARGETED_DEVICE_FAMILY = "1,2";
			};
			name = Debug;
		};
		C310019E2B9FBEE20034B0C0 /* Release */ = {
			isa = XCBuildConfiguration;
			buildSettings = {
				ASSETCATALOG_COMPILER_APPICON_NAME = AppIcon;
				ASSETCATALOG_COMPILER_GLOBAL_ACCENT_COLOR_NAME = AccentColor;
				CODE_SIGN_STYLE = Automatic;
				CURRENT_PROJECT_VERSION = 1;
				DEVELOPMENT_ASSET_PATHS = "\"US States/Preview Content\"";
				DEVELOPMENT_TEAM = JP74RZ3MMY;
				ENABLE_PREVIEWS = YES;
				GENERATE_INFOPLIST_FILE = YES;
				INFOPLIST_KEY_UIApplicationSceneManifest_Generation = YES;
				INFOPLIST_KEY_UIApplicationSupportsIndirectInputEvents = YES;
				INFOPLIST_KEY_UILaunchScreen_Generation = YES;
				INFOPLIST_KEY_UISupportedInterfaceOrientations_iPad = "UIInterfaceOrientationPortrait UIInterfaceOrientationPortraitUpsideDown UIInterfaceOrientationLandscapeLeft UIInterfaceOrientationLandscapeRight";
				INFOPLIST_KEY_UISupportedInterfaceOrientations_iPhone = "UIInterfaceOrientationPortrait UIInterfaceOrientationLandscapeLeft UIInterfaceOrientationLandscapeRight";
				LD_RUNPATH_SEARCH_PATHS = (
					"$(inherited)",
					"@executable_path/Frameworks",
				);
				MARKETING_VERSION = 1.0;
				PRODUCT_BUNDLE_IDENTIFIER = "psu.edu.US-States";
				PRODUCT_NAME = "$(TARGET_NAME)";
				SWIFT_EMIT_LOC_STRINGS = YES;
				SWIFT_VERSION = 5.0;
				TARGETED_DEVICE_FAMILY = "1,2";
			};
			name = Release;
		};
/* End XCBuildConfiguration section */

/* Begin XCConfigurationList section */
		C31001892B9FBEE00034B0C0 /* Build configuration list for PBXProject "US States" */ = {
			isa = XCConfigurationList;
			buildConfigurations = (
				C310019A2B9FBEE20034B0C0 /* Debug */,
				C310019B2B9FBEE20034B0C0 /* Release */,
			);
			defaultConfigurationIsVisible = 0;
			defaultConfigurationName = Release;
		};
		C310019C2B9FBEE20034B0C0 /* Build configuration list for PBXNativeTarget "US States" */ = {
			isa = XCConfigurationList;
			buildConfigurations = (
				C310019D2B9FBEE20034B0C0 /* Debug */,
				C310019E2B9FBEE20034B0C0 /* Release */,
			);
			defaultConfigurationIsVisible = 0;
			defaultConfigurationName = Release;
		};
/* End XCConfigurationList section */
	};
	rootObject = C31001862B9FBEE00034B0C0 /* Project object */;
}
